
Microsoft Visual Studio Solution File, Format Version 12.00
# Visual Studio Version 16
VisualStudioVersion = 16.0.31702.278
MinimumVisualStudioVersion = 10.0.40219.1
Project("{9A19103F-16F7-4668-BE54-9A1E7A4F7556}") = "BbGit", "BbGit\BbGit.csproj", "{B2573511-353E-4F29-B2A1-6278DADC8A7E}"
EndProject
Project("{FAE04EC0-301F-11D3-BF4B-00C04F79EFBC}") = "BbGit.Tests", "BbGit.Tests\BbGit.Tests.csproj", "{E806D94A-ED79-4824-9912-3AC151409C5C}"
EndProject
Global
	GlobalSection(SolutionConfigurationPlatforms) = preSolution
		Debug|Any CPU = Debug|Any CPU
		Release|Any CPU = Release|Any CPU
	EndGlobalSection
	GlobalSection(ProjectConfigurationPlatforms) = postSolution
		{B2573511-353E-4F29-B2A1-6278DADC8A7E}.Debug|Any CPU.ActiveCfg = Debug|Any CPU
		{B2573511-353E-4F29-B2A1-6278DADC8A7E}.Debug|Any CPU.Build.0 = Debug|Any CPU
		{B2573511-353E-4F29-B2A1-6278DADC8A7E}.Release|Any CPU.ActiveCfg = Release|Any CPU
		{B2573511-353E-4F29-B2A1-6278DADC8A7E}.Release|Any CPU.Build.0 = Release|Any CPU
		{E806D94A-ED79-4824-9912-3AC151409C5C}.Debug|Any CPU.ActiveCfg = Debug|Any CPU
		{E806D94A-ED79-4824-9912-3AC151409C5C}.Debug|Any CPU.Build.0 = Debug|Any CPU
		{E806D94A-ED79-4824-9912-3AC151409C5C}.Release|Any CPU.ActiveCfg = Release|Any CPU
		{E806D94A-ED79-4824-9912-3AC151409C5C}.Release|Any CPU.Build.0 = Release|Any CPU
	EndGlobalSection
	GlobalSection(SolutionProperties) = preSolution
		HideSolutionNode = FALSE
	EndGlobalSection
	GlobalSection(ExtensibilityGlobals) = postSolution
		SolutionGuid = {A850449B-FEC3-4E76-9294-C4F14CD4D236}
	EndGlobalSection
EndGlobal
